
Microsoft Visual Studio Solution File, Format Version 12.00
# Visual Studio 2013
VisualStudioVersion = 12.0.40629.0
MinimumVisualStudioVersion = 10.0.40219.1
Project("{FAE04EC0-301F-11D3-BF4B-00C04F79EFBC}") = "VersFx.Formats.Text.Epub", "VersFx.Formats.Text.Epub\VersFx.Formats.Text.Epub.csproj", "{313E44F0-4BC2-4A4F-B24B-C29D8FFB7C4E}"
EndProject
Project("{FAE04EC0-301F-11D3-BF4B-00C04F79EFBC}") = "EpubReaderDemo", "EpubReaderDemo\EpubReaderDemo.csproj", "{2C48D6FB-EC93-4B79-8E52-79B579B3C324}"
EndProject
Project("{FAE04EC0-301F-11D3-BF4B-00C04F79EFBC}") = "EpubReaderExamples", "EpubReaderExamples\EpubReaderExamples.csproj", "{D458977B-A247-44BC-A7B2-CD5B62C897B6}"
EndProject
Global
	GlobalSection(SolutionConfigurationPlatforms) = preSolution
		Debug|Any CPU = Debug|Any CPU
		Release|Any CPU = Release|Any CPU
	EndGlobalSection
	GlobalSection(ProjectConfigurationPlatforms) = postSolution
		{313E44F0-4BC2-4A4F-B24B-C29D8FFB7C4E}.Debug|Any CPU.ActiveCfg = Debug|Any CPU
		{313E44F0-4BC2-4A4F-B24B-C29D8FFB7C4E}.Debug|Any CPU.Build.0 = Debug|Any CPU
		{313E44F0-4BC2-4A4F-B24B-C29D8FFB7C4E}.Release|Any CPU.ActiveCfg = Release|Any CPU
		{313E44F0-4BC2-4A4F-B24B-C29D8FFB7C4E}.Release|Any CPU.Build.0 = Release|Any CPU
		{2C48D6FB-EC93-4B79-8E52-79B579B3C324}.Debug|Any CPU.ActiveCfg = Debug|Any CPU
		{2C48D6FB-EC93-4B79-8E52-79B579B3C324}.Debug|Any CPU.Build.0 = Debug|Any CPU
		{2C48D6FB-EC93-4B79-8E52-79B579B3C324}.Release|Any CPU.ActiveCfg = Release|Any CPU
		{2C48D6FB-EC93-4B79-8E52-79B579B3C324}.Release|Any CPU.Build.0 = Release|Any CPU
		{D458977B-A247-44BC-A7B2-CD5B62C897B6}.Debug|Any CPU.ActiveCfg = Debug|Any CPU
		{D458977B-A247-44BC-A7B2-CD5B62C897B6}.Debug|Any CPU.Build.0 = Debug|Any CPU
		{D458977B-A247-44BC-A7B2-CD5B62C897B6}.Release|Any CPU.ActiveCfg = Release|Any CPU
		{D458977B-A247-44BC-A7B2-CD5B62C897B6}.Release|Any CPU.Build.0 = Release|Any CPU
	EndGlobalSection
	GlobalSection(SolutionProperties) = preSolution
		HideSolutionNode = FALSE
	EndGlobalSection
EndGlobal
